<?xml version="1.0" encoding="utf-8"?>
<Project ToolsVersion="4.0" xmlns="http://schemas.microsoft.com/developer/msbuild/2003">
  <ItemGroup>
    <Filter Include="ソース ファイル">
      <UniqueIdentifier>{4FC737F1-C7A5-4376-A066-2A32D752A2FF}</UniqueIdentifier>
      <Extensions>cpp;c;cc;cxx;def;odl;idl;hpj;bat;asm;asmx</Extensions>
    </Filter>
    <Filter Include="ヘッダー ファイル">
      <UniqueIdentifier>{93995380-89BD-4b04-88EB-625FBE52EBFB}</UniqueIdentifier>
      <Extensions>h;hh;hpp;hxx;hm;inl;inc;ipp;xsd</Extensions>
    </Filter>
    <Filter Include="リソース ファイル">
      <UniqueIdentifier>{67DA6AB6-F800-4c08-8B7A-83BB121AAD01}</UniqueIdentifier>
      <Extensions>rc;ico;cur;bmp;dlg;rc2;rct;bin;rgs;gif;jpg;jpeg;jpe;resx;tiff;tif;png;wav;mfcribbon-ms</Extensions>
    </Filter>
    <Filter Include="ソース ファイル\Share">
      <UniqueIdentifier>{ce2e929b-cb4f-44f4-9d1c-f90c9a304d46}</UniqueIdentifier>
    </Filter>
  </ItemGroup>
  <ItemGroup>
    <ClInclude Include="framework.h">
      <Filter>ヘッダー ファイル</Filter>
    </ClInclude>
    <ClInclude Include="pch.h">
      <Filter>ヘッダー ファイル</Filter>
    </ClInclude>
    <ClInclude Include="input.h">
      <Filter>ソース ファイル</Filter>
    </ClInclude>
    <ClInclude Include="..\Share\IPC.h">
      <Filter>ソース ファイル\Share</Filter>
    </ClInclude>
    <ClInclude Include="..\Share\Logger.h">
      <Filter>ソース ファイル\Share</Filter>
    </ClInclude>
    <ClInclude Include="..\Share\Common.h">
      <Filter>ソース ファイル\Share</Filter>
    </ClInclude>
    <ClInclude Include="..\Share\CodeConvert.h">
      <Filter>ソース ファイル\Share</Filter>
    </ClInclude>
  </ItemGroup>
  <ItemGroup>
    <ClCompile Include="dllmain.cpp">
      <Filter>ソース ファイル</Filter>
    </ClCompile>
    <ClCompile Include="pch.cpp">
      <Filter>ソース ファイル</Filter>
    </ClCompile>
    <ClCompile Include="input.cpp">
      <Filter>ソース ファイル</Filter>
    </ClCompile>
    <ClCompile Include="..\Share\IPC.cpp">
      <Filter>ソース ファイル\Share</Filter>
    </ClCompile>
    <ClCompile Include="..\Share\Logger.cpp">
      <Filter>ソース ファイル\Share</Filter>
    </ClCompile>
    <ClCompile Include="..\Share\CodeConvert.cpp">
      <Filter>ソース ファイル\Share</Filter>
    </ClCompile>
    <ClCompile Include="..\Share\Common.cpp">
      <Filter>ソース ファイル\Share</Filter>
    </ClCompile>
  </ItemGroup>
  <ItemGroup>
    <None Include="input.def">
      <Filter>リソース ファイル</Filter>
    </None>
  </ItemGroup>
</Project>